// !$*UTF8*$!
{
	archiveVersion = 1;
	classes = {
	};
	objectVersion = 46;
	objects = {

/* Begin PBXBuildFile section */
		005350B81A8B0F2B00BF289D /* TutorialPage2View.swift in Sources */ = {isa = PBXBuildFile; fileRef = 005350B71A8B0F2B00BF289D /* TutorialPage2View.swift */; };
		005350BA1A8B4BC600BF289D /* StepGoalSetingController.swift in Sources */ = {isa = PBXBuildFile; fileRef = 005350B91A8B4BC600BF289D /* StepGoalSetingController.swift */; };
		005350BC1A8B4C1200BF289D /* StepGoalSetingView.swift in Sources */ = {isa = PBXBuildFile; fileRef = 005350BB1A8B4C1200BF289D /* StepGoalSetingView.swift */; };
		005BC9541A888873006F9E86 /* nevologo.png in Resources */ = {isa = PBXBuildFile; fileRef = 005BC9531A888873006F9E86 /* nevologo.png */; };
		005BC9561A889F14006F9E86 /* NevoPicture.png in Resources */ = {isa = PBXBuildFile; fileRef = 005BC9551A889F14006F9E86 /* NevoPicture.png */; };
		005BC95F1A88B79F006F9E86 /* FXBlurView.m in Sources */ = {isa = PBXBuildFile; fileRef = 005BC95E1A88B79F006F9E86 /* FXBlurView.m */; };
		007DD4BB1A89DDC000CE7264 /* Page1Controller.swift in Sources */ = {isa = PBXBuildFile; fileRef = 007DD4BA1A89DDC000CE7264 /* Page1Controller.swift */; };
		007DD4BD1A89DF2A00CE7264 /* Page2Controller.swift in Sources */ = {isa = PBXBuildFile; fileRef = 007DD4BC1A89DF2A00CE7264 /* Page2Controller.swift */; };
		007F796E1A878C6C006C89E6 /* TutorialView.swift in Sources */ = {isa = PBXBuildFile; fileRef = 007F796C1A878C6C006C89E6 /* TutorialView.swift */; };
		007F79721A878C8B006C89E6 /* TutorialController.swift in Sources */ = {isa = PBXBuildFile; fileRef = 007F79701A878C8B006C89E6 /* TutorialController.swift */; };
		007F798B1A878D0B006C89E6 /* Raleway-Black.ttf in Resources */ = {isa = PBXBuildFile; fileRef = 007F79751A878D0B006C89E6 /* Raleway-Black.ttf */; };
		007F798C1A878D0B006C89E6 /* Raleway-BlackItalic.ttf in Resources */ = {isa = PBXBuildFile; fileRef = 007F79761A878D0B006C89E6 /* Raleway-BlackItalic.ttf */; };
		007F798D1A878D0B006C89E6 /* Raleway-Bold.ttf in Resources */ = {isa = PBXBuildFile; fileRef = 007F79771A878D0B006C89E6 /* Raleway-Bold.ttf */; };
		007F798E1A878D0B006C89E6 /* Raleway-BoldItalic.ttf in Resources */ = {isa = PBXBuildFile; fileRef = 007F79781A878D0B006C89E6 /* Raleway-BoldItalic.ttf */; };
		007F798F1A878D0B006C89E6 /* Raleway-ExtraBold.ttf in Resources */ = {isa = PBXBuildFile; fileRef = 007F79791A878D0B006C89E6 /* Raleway-ExtraBold.ttf */; };
		007F79901A878D0B006C89E6 /* Raleway-ExtraBoldItalic.ttf in Resources */ = {isa = PBXBuildFile; fileRef = 007F797A1A878D0B006C89E6 /* Raleway-ExtraBoldItalic.ttf */; };
		007F79911A878D0B006C89E6 /* Raleway-ExtraLight.ttf in Resources */ = {isa = PBXBuildFile; fileRef = 007F797B1A878D0B006C89E6 /* Raleway-ExtraLight.ttf */; };
		007F79921A878D0B006C89E6 /* Raleway-ExtraLightItalic.ttf in Resources */ = {isa = PBXBuildFile; fileRef = 007F797C1A878D0B006C89E6 /* Raleway-ExtraLightItalic.ttf */; };
		007F79931A878D0B006C89E6 /* Raleway-Italic.ttf in Resources */ = {isa = PBXBuildFile; fileRef = 007F797D1A878D0B006C89E6 /* Raleway-Italic.ttf */; };
		007F79941A878D0B006C89E6 /* Raleway-Light.ttf in Resources */ = {isa = PBXBuildFile; fileRef = 007F797E1A878D0B006C89E6 /* Raleway-Light.ttf */; };
		007F79951A878D0B006C89E6 /* Raleway-LightItalic.ttf in Resources */ = {isa = PBXBuildFile; fileRef = 007F797F1A878D0B006C89E6 /* Raleway-LightItalic.ttf */; };
		007F79961A878D0B006C89E6 /* Raleway-Medium.ttf in Resources */ = {isa = PBXBuildFile; fileRef = 007F79801A878D0B006C89E6 /* Raleway-Medium.ttf */; };
		007F79971A878D0B006C89E6 /* Raleway-MediumItalic.ttf in Resources */ = {isa = PBXBuildFile; fileRef = 007F79811A878D0B006C89E6 /* Raleway-MediumItalic.ttf */; };
		007F79981A878D0B006C89E6 /* Raleway-Regular.ttf in Resources */ = {isa = PBXBuildFile; fileRef = 007F79821A878D0B006C89E6 /* Raleway-Regular.ttf */; };
		007F79991A878D0B006C89E6 /* Raleway-SemiBold.ttf in Resources */ = {isa = PBXBuildFile; fileRef = 007F79831A878D0B006C89E6 /* Raleway-SemiBold.ttf */; };
		007F799A1A878D0B006C89E6 /* Raleway-SemiBoldItalic.ttf in Resources */ = {isa = PBXBuildFile; fileRef = 007F79841A878D0B006C89E6 /* Raleway-SemiBoldItalic.ttf */; };
		007F799B1A878D0B006C89E6 /* Raleway-Thin.ttf in Resources */ = {isa = PBXBuildFile; fileRef = 007F79851A878D0B006C89E6 /* Raleway-Thin.ttf */; };
		007F799C1A878D0B006C89E6 /* Raleway-ThinItalic.ttf in Resources */ = {isa = PBXBuildFile; fileRef = 007F79861A878D0B006C89E6 /* Raleway-ThinItalic.ttf */; };
		007F799D1A878D0B006C89E6 /* SIL Open Font License.txt in Resources */ = {isa = PBXBuildFile; fileRef = 007F79871A878D0B006C89E6 /* SIL Open Font License.txt */; };
		007F799E1A878D0B006C89E6 /* 640-1136.png in Resources */ = {isa = PBXBuildFile; fileRef = 007F79891A878D0B006C89E6 /* 640-1136.png */; };
		007F799F1A878D0B006C89E6 /* nevo360.png in Resources */ = {isa = PBXBuildFile; fileRef = 007F798A1A878D0B006C89E6 /* nevo360.png */; };
		00A773961A88562F0018E121 /* Localizable.strings in Resources */ = {isa = PBXBuildFile; fileRef = 00A773911A88562F0018E121 /* Localizable.strings */; };
		00A7739B1A8860100018E121 /* 640-1136333.png in Resources */ = {isa = PBXBuildFile; fileRef = 00A7739A1A8860100018E121 /* 640-1136333.png */; };
		00C30AD91A89E08600C9F67B /* Page3Controller.swift in Sources */ = {isa = PBXBuildFile; fileRef = 00C30AD81A89E08600C9F67B /* Page3Controller.swift */; };
		00C30ADB1A89FC8200C9F67B /* ButtonCallBack.swift in Sources */ = {isa = PBXBuildFile; fileRef = 00C30ADA1A89FC8200C9F67B /* ButtonCallBack.swift */; };
		00E0E1441A88BBDE0001B8CA /* wallpaper0.png in Resources */ = {isa = PBXBuildFile; fileRef = 00E0E1431A88BBDE0001B8CA /* wallpaper0.png */; };
		07BE0CF21A84A2F8000C4AC7 /* IntelHex2BinConverter.m in Sources */ = {isa = PBXBuildFile; fileRef = 07BE0CF11A84A2F8000C4AC7 /* IntelHex2BinConverter.m */; };
		07C18C0A1A80DF4900D0BF4A /* NevoOtaController.swift in Sources */ = {isa = PBXBuildFile; fileRef = 07C18C091A80DF4900D0BF4A /* NevoOtaController.swift */; };
		07C18C0E1A81AB3900D0BF4A /* NevoOtaViewController.swift in Sources */ = {isa = PBXBuildFile; fileRef = 07C18C0D1A81AB3900D0BF4A /* NevoOtaViewController.swift */; };
		07CC4A261A81F26C008DA749 /* imaze_BLE_R2.hex in Resources */ = {isa = PBXBuildFile; fileRef = 07CC4A241A81F26C008DA749 /* imaze_BLE_R2.hex */; };
		07CC4A271A81F26C008DA749 /* iMaze_v3.bin in Resources */ = {isa = PBXBuildFile; fileRef = 07CC4A251A81F26C008DA749 /* iMaze_v3.bin */; };
		07CC4A291A820A9B008DA749 /* Utility.swift in Sources */ = {isa = PBXBuildFile; fileRef = 07CC4A281A820A9B008DA749 /* Utility.swift */; };
		07CC4A2F1A821B46008DA749 /* NevoOTARequest.swift in Sources */ = {isa = PBXBuildFile; fileRef = 07CC4A2E1A821B46008DA749 /* NevoOTARequest.swift */; };
		9A3E57231A80E56E00DFFAE1 /* ConnectionController.swift in Sources */ = {isa = PBXBuildFile; fileRef = 9A3E571B1A80E56E00DFFAE1 /* ConnectionController.swift */; };
		9A3E57241A80E56E00DFFAE1 /* ConnectionControllerImpl.swift in Sources */ = {isa = PBXBuildFile; fileRef = 9A3E571C1A80E56E00DFFAE1 /* ConnectionControllerImpl.swift */; };
		9A3E57251A80E56E00DFFAE1 /* NevoProfile.swift in Sources */ = {isa = PBXBuildFile; fileRef = 9A3E571D1A80E56E00DFFAE1 /* NevoProfile.swift */; };
		9A3E57261A80E56E00DFFAE1 /* NevoPacket.swift in Sources */ = {isa = PBXBuildFile; fileRef = 9A3E571F1A80E56E00DFFAE1 /* NevoPacket.swift */; };
		9A3E57311A80F08400DFFAE1 /* NevoOTAControllerProfile.swift in Sources */ = {isa = PBXBuildFile; fileRef = 9A3E572E1A80F08400DFFAE1 /* NevoOTAControllerProfile.swift */; };
		9A3E57321A80F08400DFFAE1 /* NevoOTAModeProfile.swift in Sources */ = {isa = PBXBuildFile; fileRef = 9A3E572F1A80F08400DFFAE1 /* NevoOTAModeProfile.swift */; };
		9A3E57331A80F08400DFFAE1 /* NevoOTAPacketProfile.swift in Sources */ = {isa = PBXBuildFile; fileRef = 9A3E57301A80F08400DFFAE1 /* NevoOTAPacketProfile.swift */; };
		9A9BD1C11A88849700A95ACA /* TutorialPage1View.swift in Sources */ = {isa = PBXBuildFile; fileRef = 9A9BD1C01A88849700A95ACA /* TutorialPage1View.swift */; };
		9A9BD1C81A88C0A400A95ACA /* TutorialScanPageView.swift in Sources */ = {isa = PBXBuildFile; fileRef = 9A9BD1C71A88C0A400A95ACA /* TutorialScanPageView.swift */; };
		9AD8F93B1A6DF35900F01014 /* Nevo.xcdatamodeld in Sources */ = {isa = PBXBuildFile; fileRef = 9AD8F9391A6DF35900F01014 /* Nevo.xcdatamodeld */; };
		9AD8F9401A6DF35900F01014 /* Main.storyboard in Resources */ = {isa = PBXBuildFile; fileRef = 9AD8F93E1A6DF35900F01014 /* Main.storyboard */; };
		9AD8F9421A6DF35900F01014 /* Images.xcassets in Resources */ = {isa = PBXBuildFile; fileRef = 9AD8F9411A6DF35900F01014 /* Images.xcassets */; };
		9AD8F9451A6DF35900F01014 /* LaunchScreen.xib in Resources */ = {isa = PBXBuildFile; fileRef = 9AD8F9431A6DF35900F01014 /* LaunchScreen.xib */; };
		9AD8F9511A6DF35900F01014 /* NevoTests.swift in Sources */ = {isa = PBXBuildFile; fileRef = 9AD8F9501A6DF35900F01014 /* NevoTests.swift */; };
		9AD8F9621A6E00E800F01014 /* NevoBTimpl.swift in Sources */ = {isa = PBXBuildFile; fileRef = 9AD8F9611A6E00E800F01014 /* NevoBTimpl.swift */; };
		9AD8F9651A6E011E00F01014 /* AppDelegate.swift in Sources */ = {isa = PBXBuildFile; fileRef = 9AD8F9631A6E011E00F01014 /* AppDelegate.swift */; };
		9AD8F96C1A6E03BC00F01014 /* HomeController.swift in Sources */ = {isa = PBXBuildFile; fileRef = 9AD8F96B1A6E03BC00F01014 /* HomeController.swift */; };
		9AD8F96E1A6E03F600F01014 /* HomeView.swift in Sources */ = {isa = PBXBuildFile; fileRef = 9AD8F96D1A6E03F600F01014 /* HomeView.swift */; };
		9AD8F9701A6E041D00F01014 /* ClockView.swift in Sources */ = {isa = PBXBuildFile; fileRef = 9AD8F96F1A6E041D00F01014 /* ClockView.swift */; };
		9AD8F9731A6E047900F01014 /* Goal.swift in Sources */ = {isa = PBXBuildFile; fileRef = 9AD8F9721A6E047900F01014 /* Goal.swift */; };
		9AD8F9751A6E049500F01014 /* NumberOfStepsGoal.swift in Sources */ = {isa = PBXBuildFile; fileRef = 9AD8F9741A6E049500F01014 /* NumberOfStepsGoal.swift */; };
		9AD8F9791A6E05F700F01014 /* NevoBT.swift in Sources */ = {isa = PBXBuildFile; fileRef = 9AD8F9781A6E05F700F01014 /* NevoBT.swift */; };
		9AD8F9841A6E2C8E00F01014 /* Request.swift in Sources */ = {isa = PBXBuildFile; fileRef = 9AD8F9821A6E2C8E00F01014 /* Request.swift */; };
		9AD8F98D1A6E2D6E00F01014 /* RawPacket.swift in Sources */ = {isa = PBXBuildFile; fileRef = 9AD8F98C1A6E2D6E00F01014 /* RawPacket.swift */; };
		9AD8F98F1A6E2EE000F01014 /* Profile.swift in Sources */ = {isa = PBXBuildFile; fileRef = 9AD8F98E1A6E2EE000F01014 /* Profile.swift */; };
		9AD8F99C1A6E3D6A00F01014 /* NevoRequest.swift in Sources */ = {isa = PBXBuildFile; fileRef = 9AD8F99B1A6E3D6A00F01014 /* NevoRequest.swift */; };
		9AD8F99E1A6E3E0100F01014 /* SyncController.swift in Sources */ = {isa = PBXBuildFile; fileRef = 9AD8F99D1A6E3E0100F01014 /* SyncController.swift */; };
		9AD8F9A01A6E47B400F01014 /* SetGoalRequest.swift in Sources */ = {isa = PBXBuildFile; fileRef = 9AD8F99F1A6E47B400F01014 /* SetGoalRequest.swift */; };
/* End PBXBuildFile section */

/* Begin PBXContainerItemProxy section */
		9AD8F94B1A6DF35900F01014 /* PBXContainerItemProxy */ = {
			isa = PBXContainerItemProxy;
			containerPortal = 9AD8F92A1A6DF35800F01014 /* Project object */;
			proxyType = 1;
			remoteGlobalIDString = 9AD8F9311A6DF35900F01014;
			remoteInfo = Nevo;
		};
/* End PBXContainerItemProxy section */

/* Begin PBXFileReference section */
		005350B71A8B0F2B00BF289D /* TutorialPage2View.swift */ = {isa = PBXFileReference; fileEncoding = 4; lastKnownFileType = sourcecode.swift; name = TutorialPage2View.swift; path = View/Tutorial/TutorialPage2View.swift; sourceTree = "<group>"; };
		005350B91A8B4BC600BF289D /* StepGoalSetingController.swift */ = {isa = PBXFileReference; fileEncoding = 4; lastKnownFileType = sourcecode.swift; name = StepGoalSetingController.swift; path = Controller/StepGoalSetingController.swift; sourceTree = "<group>"; };
		005350BB1A8B4C1200BF289D /* StepGoalSetingView.swift */ = {isa = PBXFileReference; fileEncoding = 4; lastKnownFileType = sourcecode.swift; name = StepGoalSetingView.swift; path = View/StepGoalSetingView.swift; sourceTree = "<group>"; };
		005BC9531A888873006F9E86 /* nevologo.png */ = {isa = PBXFileReference; lastKnownFileType = image.png; path = nevologo.png; sourceTree = "<group>"; };
		005BC9551A889F14006F9E86 /* NevoPicture.png */ = {isa = PBXFileReference; lastKnownFileType = image.png; path = NevoPicture.png; sourceTree = "<group>"; };
		005BC95D1A88B79F006F9E86 /* FXBlurView.h */ = {isa = PBXFileReference; fileEncoding = 4; lastKnownFileType = sourcecode.c.h; path = FXBlurView.h; sourceTree = "<group>"; };
		005BC95E1A88B79F006F9E86 /* FXBlurView.m */ = {isa = PBXFileReference; fileEncoding = 4; lastKnownFileType = sourcecode.c.objc; path = FXBlurView.m; sourceTree = "<group>"; };
		007DD4BA1A89DDC000CE7264 /* Page1Controller.swift */ = {isa = PBXFileReference; fileEncoding = 4; lastKnownFileType = sourcecode.swift; path = Page1Controller.swift; sourceTree = "<group>"; };
		007DD4BC1A89DF2A00CE7264 /* Page2Controller.swift */ = {isa = PBXFileReference; fileEncoding = 4; lastKnownFileType = sourcecode.swift; path = Page2Controller.swift; sourceTree = "<group>"; };
		007F796C1A878C6C006C89E6 /* TutorialView.swift */ = {isa = PBXFileReference; fileEncoding = 4; lastKnownFileType = sourcecode.swift; name = TutorialView.swift; path = View/TutorialView.swift; sourceTree = "<group>"; };
		007F79701A878C8B006C89E6 /* TutorialController.swift */ = {isa = PBXFileReference; fileEncoding = 4; lastKnownFileType = sourcecode.swift; name = TutorialController.swift; path = Controller/TutorialController.swift; sourceTree = "<group>"; };
		007F79751A878D0B006C89E6 /* Raleway-Black.ttf */ = {isa = PBXFileReference; lastKnownFileType = file; path = "Raleway-Black.ttf"; sourceTree = "<group>"; };
		007F79761A878D0B006C89E6 /* Raleway-BlackItalic.ttf */ = {isa = PBXFileReference; lastKnownFileType = file; path = "Raleway-BlackItalic.ttf"; sourceTree = "<group>"; };
		007F79771A878D0B006C89E6 /* Raleway-Bold.ttf */ = {isa = PBXFileReference; lastKnownFileType = file; path = "Raleway-Bold.ttf"; sourceTree = "<group>"; };
		007F79781A878D0B006C89E6 /* Raleway-BoldItalic.ttf */ = {isa = PBXFileReference; lastKnownFileType = file; path = "Raleway-BoldItalic.ttf"; sourceTree = "<group>"; };
		007F79791A878D0B006C89E6 /* Raleway-ExtraBold.ttf */ = {isa = PBXFileReference; lastKnownFileType = file; path = "Raleway-ExtraBold.ttf"; sourceTree = "<group>"; };
		007F797A1A878D0B006C89E6 /* Raleway-ExtraBoldItalic.ttf */ = {isa = PBXFileReference; lastKnownFileType = file; path = "Raleway-ExtraBoldItalic.ttf"; sourceTree = "<group>"; };
		007F797B1A878D0B006C89E6 /* Raleway-ExtraLight.ttf */ = {isa = PBXFileReference; lastKnownFileType = file; path = "Raleway-ExtraLight.ttf"; sourceTree = "<group>"; };
		007F797C1A878D0B006C89E6 /* Raleway-ExtraLightItalic.ttf */ = {isa = PBXFileReference; lastKnownFileType = file; path = "Raleway-ExtraLightItalic.ttf"; sourceTree = "<group>"; };
		007F797D1A878D0B006C89E6 /* Raleway-Italic.ttf */ = {isa = PBXFileReference; lastKnownFileType = file; path = "Raleway-Italic.ttf"; sourceTree = "<group>"; };
		007F797E1A878D0B006C89E6 /* Raleway-Light.ttf */ = {isa = PBXFileReference; lastKnownFileType = file; path = "Raleway-Light.ttf"; sourceTree = "<group>"; };
		007F797F1A878D0B006C89E6 /* Raleway-LightItalic.ttf */ = {isa = PBXFileReference; lastKnownFileType = file; path = "Raleway-LightItalic.ttf"; sourceTree = "<group>"; };
		007F79801A878D0B006C89E6 /* Raleway-Medium.ttf */ = {isa = PBXFileReference; lastKnownFileType = file; path = "Raleway-Medium.ttf"; sourceTree = "<group>"; };
		007F79811A878D0B006C89E6 /* Raleway-MediumItalic.ttf */ = {isa = PBXFileReference; lastKnownFileType = file; path = "Raleway-MediumItalic.ttf"; sourceTree = "<group>"; };
		007F79821A878D0B006C89E6 /* Raleway-Regular.ttf */ = {isa = PBXFileReference; lastKnownFileType = file; path = "Raleway-Regular.ttf"; sourceTree = "<group>"; };
		007F79831A878D0B006C89E6 /* Raleway-SemiBold.ttf */ = {isa = PBXFileReference; lastKnownFileType = file; path = "Raleway-SemiBold.ttf"; sourceTree = "<group>"; };
		007F79841A878D0B006C89E6 /* Raleway-SemiBoldItalic.ttf */ = {isa = PBXFileReference; lastKnownFileType = file; path = "Raleway-SemiBoldItalic.ttf"; sourceTree = "<group>"; };
		007F79851A878D0B006C89E6 /* Raleway-Thin.ttf */ = {isa = PBXFileReference; lastKnownFileType = file; path = "Raleway-Thin.ttf"; sourceTree = "<group>"; };
		007F79861A878D0B006C89E6 /* Raleway-ThinItalic.ttf */ = {isa = PBXFileReference; lastKnownFileType = file; path = "Raleway-ThinItalic.ttf"; sourceTree = "<group>"; };
		007F79871A878D0B006C89E6 /* SIL Open Font License.txt */ = {isa = PBXFileReference; fileEncoding = 4; lastKnownFileType = text; path = "SIL Open Font License.txt"; sourceTree = "<group>"; };
		007F79891A878D0B006C89E6 /* 640-1136.png */ = {isa = PBXFileReference; lastKnownFileType = image.png; path = "640-1136.png"; sourceTree = "<group>"; };
		007F798A1A878D0B006C89E6 /* nevo360.png */ = {isa = PBXFileReference; lastKnownFileType = image.png; path = nevo360.png; sourceTree = "<group>"; };
		00A773841A8854580018E121 /* fr */ = {isa = PBXFileReference; lastKnownFileType = text.plist.strings; name = fr; path = fr.lproj/Main.strings; sourceTree = "<group>"; };
		00A773851A88546F0018E121 /* de */ = {isa = PBXFileReference; lastKnownFileType = text.plist.strings; name = de; path = de.lproj/Main.strings; sourceTree = "<group>"; };
		00A773861A8854750018E121 /* zh-Hans */ = {isa = PBXFileReference; lastKnownFileType = text.plist.strings; name = "zh-Hans"; path = "zh-Hans.lproj/Main.strings"; sourceTree = "<group>"; };
		00A773871A88547C0018E121 /* zh-Hant */ = {isa = PBXFileReference; lastKnownFileType = text.plist.strings; name = "zh-Hant"; path = "zh-Hant.lproj/Main.strings"; sourceTree = "<group>"; };
		00A773921A88562F0018E121 /* en */ = {isa = PBXFileReference; lastKnownFileType = text.plist.strings; name = en; path = en.lproj/Localizable.strings; sourceTree = "<group>"; };
		00A773931A88562F0018E121 /* fr */ = {isa = PBXFileReference; lastKnownFileType = text.plist.strings; name = fr; path = fr.lproj/Localizable.strings; sourceTree = "<group>"; };
		00A773941A88562F0018E121 /* zh-Hans */ = {isa = PBXFileReference; lastKnownFileType = text.plist.strings; name = "zh-Hans"; path = "zh-Hans.lproj/Localizable.strings"; sourceTree = "<group>"; };
		00A773951A88562F0018E121 /* zh-Hant */ = {isa = PBXFileReference; lastKnownFileType = text.plist.strings; name = "zh-Hant"; path = "zh-Hant.lproj/Localizable.strings"; sourceTree = "<group>"; };
		00A773971A885A880018E121 /* de */ = {isa = PBXFileReference; lastKnownFileType = text.plist.strings; name = de; path = de.lproj/Localizable.strings; sourceTree = "<group>"; };
		00A7739A1A8860100018E121 /* 640-1136333.png */ = {isa = PBXFileReference; lastKnownFileType = image.png; path = "640-1136333.png"; sourceTree = "<group>"; };
		00C30AD81A89E08600C9F67B /* Page3Controller.swift */ = {isa = PBXFileReference; fileEncoding = 4; lastKnownFileType = sourcecode.swift; path = Page3Controller.swift; sourceTree = "<group>"; };
		00C30ADA1A89FC8200C9F67B /* ButtonCallBack.swift */ = {isa = PBXFileReference; fileEncoding = 4; lastKnownFileType = sourcecode.swift; name = ButtonCallBack.swift; path = View/Tutorial/ButtonCallBack.swift; sourceTree = "<group>"; };
		00E0E1431A88BBDE0001B8CA /* wallpaper0.png */ = {isa = PBXFileReference; lastKnownFileType = image.png; path = wallpaper0.png; sourceTree = "<group>"; };
		07BE0CEE1A84A0C8000C4AC7 /* Nevo-Bridging-Header.h */ = {isa = PBXFileReference; lastKnownFileType = sourcecode.c.h; path = "Nevo-Bridging-Header.h"; sourceTree = "<group>"; };
		07BE0CF01A84A2F8000C4AC7 /* IntelHex2BinConverter.h */ = {isa = PBXFileReference; fileEncoding = 4; lastKnownFileType = sourcecode.c.h; path = IntelHex2BinConverter.h; sourceTree = "<group>"; };
		07BE0CF11A84A2F8000C4AC7 /* IntelHex2BinConverter.m */ = {isa = PBXFileReference; fileEncoding = 4; lastKnownFileType = sourcecode.c.objc; path = IntelHex2BinConverter.m; sourceTree = "<group>"; };
		07C18C091A80DF4900D0BF4A /* NevoOtaController.swift */ = {isa = PBXFileReference; fileEncoding = 4; lastKnownFileType = sourcecode.swift; name = NevoOtaController.swift; path = Controller/NevoOtaController.swift; sourceTree = "<group>"; };
		07C18C0D1A81AB3900D0BF4A /* NevoOtaViewController.swift */ = {isa = PBXFileReference; fileEncoding = 4; lastKnownFileType = sourcecode.swift; name = NevoOtaViewController.swift; path = Controller/NevoOtaViewController.swift; sourceTree = "<group>"; };
		07CC4A241A81F26C008DA749 /* imaze_BLE_R2.hex */ = {isa = PBXFileReference; fileEncoding = 4; lastKnownFileType = text; path = imaze_BLE_R2.hex; sourceTree = "<group>"; };
		07CC4A251A81F26C008DA749 /* iMaze_v3.bin */ = {isa = PBXFileReference; lastKnownFileType = archive.macbinary; path = iMaze_v3.bin; sourceTree = "<group>"; };
		07CC4A281A820A9B008DA749 /* Utility.swift */ = {isa = PBXFileReference; fileEncoding = 4; lastKnownFileType = sourcecode.swift; name = Utility.swift; path = OTA/Utility.swift; sourceTree = "<group>"; };
		07CC4A2E1A821B46008DA749 /* NevoOTARequest.swift */ = {isa = PBXFileReference; fileEncoding = 4; lastKnownFileType = sourcecode.swift; name = NevoOTARequest.swift; path = OTA/NevoOTARequest.swift; sourceTree = "<group>"; };
		9A3E571B1A80E56E00DFFAE1 /* ConnectionController.swift */ = {isa = PBXFileReference; fileEncoding = 4; lastKnownFileType = sourcecode.swift; name = ConnectionController.swift; path = Controller/Connection/ConnectionController.swift; sourceTree = "<group>"; };
		9A3E571C1A80E56E00DFFAE1 /* ConnectionControllerImpl.swift */ = {isa = PBXFileReference; fileEncoding = 4; lastKnownFileType = sourcecode.swift; name = ConnectionControllerImpl.swift; path = Controller/Connection/ConnectionControllerImpl.swift; sourceTree = "<group>"; };
		9A3E571D1A80E56E00DFFAE1 /* NevoProfile.swift */ = {isa = PBXFileReference; fileEncoding = 4; lastKnownFileType = sourcecode.swift; name = NevoProfile.swift; path = Controller/Connection/NevoProfile.swift; sourceTree = "<group>"; };
		9A3E571F1A80E56E00DFFAE1 /* NevoPacket.swift */ = {isa = PBXFileReference; fileEncoding = 4; lastKnownFileType = sourcecode.swift; name = NevoPacket.swift; path = Controller/Connection/Packet/NevoPacket.swift; sourceTree = "<group>"; };
		9A3E572E1A80F08400DFFAE1 /* NevoOTAControllerProfile.swift */ = {isa = PBXFileReference; fileEncoding = 4; lastKnownFileType = sourcecode.swift; name = NevoOTAControllerProfile.swift; path = OTA/NevoOTAControllerProfile.swift; sourceTree = "<group>"; };
		9A3E572F1A80F08400DFFAE1 /* NevoOTAModeProfile.swift */ = {isa = PBXFileReference; fileEncoding = 4; lastKnownFileType = sourcecode.swift; name = NevoOTAModeProfile.swift; path = OTA/NevoOTAModeProfile.swift; sourceTree = "<group>"; };
		9A3E57301A80F08400DFFAE1 /* NevoOTAPacketProfile.swift */ = {isa = PBXFileReference; fileEncoding = 4; lastKnownFileType = sourcecode.swift; name = NevoOTAPacketProfile.swift; path = OTA/NevoOTAPacketProfile.swift; sourceTree = "<group>"; };
		9A9BD1C01A88849700A95ACA /* TutorialPage1View.swift */ = {isa = PBXFileReference; fileEncoding = 4; lastKnownFileType = sourcecode.swift; name = TutorialPage1View.swift; path = View/Tutorial/TutorialPage1View.swift; sourceTree = "<group>"; };
		9A9BD1C71A88C0A400A95ACA /* TutorialScanPageView.swift */ = {isa = PBXFileReference; fileEncoding = 4; lastKnownFileType = sourcecode.swift; name = TutorialScanPageView.swift; path = View/Tutorial/TutorialScanPageView.swift; sourceTree = "<group>"; };
		9AD8F9321A6DF35900F01014 /* Nevo.app */ = {isa = PBXFileReference; explicitFileType = wrapper.application; includeInIndex = 0; path = Nevo.app; sourceTree = BUILT_PRODUCTS_DIR; };
		9AD8F9361A6DF35900F01014 /* Info.plist */ = {isa = PBXFileReference; lastKnownFileType = text.plist.xml; path = Info.plist; sourceTree = "<group>"; };
		9AD8F93A1A6DF35900F01014 /* Nevo.xcdatamodel */ = {isa = PBXFileReference; lastKnownFileType = wrapper.xcdatamodel; path = Nevo.xcdatamodel; sourceTree = "<group>"; };
		9AD8F93F1A6DF35900F01014 /* Base */ = {isa = PBXFileReference; lastKnownFileType = file.storyboard; name = Base; path = Base.lproj/Main.storyboard; sourceTree = "<group>"; };
		9AD8F9411A6DF35900F01014 /* Images.xcassets */ = {isa = PBXFileReference; lastKnownFileType = folder.assetcatalog; path = Images.xcassets; sourceTree = "<group>"; };
		9AD8F9441A6DF35900F01014 /* Base */ = {isa = PBXFileReference; lastKnownFileType = file.xib; name = Base; path = Base.lproj/LaunchScreen.xib; sourceTree = "<group>"; };
		9AD8F94A1A6DF35900F01014 /* NevoTests.xctest */ = {isa = PBXFileReference; explicitFileType = wrapper.cfbundle; includeInIndex = 0; path = NevoTests.xctest; sourceTree = BUILT_PRODUCTS_DIR; };
		9AD8F94F1A6DF35900F01014 /* Info.plist */ = {isa = PBXFileReference; lastKnownFileType = text.plist.xml; path = Info.plist; sourceTree = "<group>"; };
		9AD8F9501A6DF35900F01014 /* NevoTests.swift */ = {isa = PBXFileReference; lastKnownFileType = sourcecode.swift; path = NevoTests.swift; sourceTree = "<group>"; };
		9AD8F9611A6E00E800F01014 /* NevoBTimpl.swift */ = {isa = PBXFileReference; fileEncoding = 4; lastKnownFileType = sourcecode.swift; name = NevoBTimpl.swift; path = Frameworks/NevoBT/NevoBTimpl.swift; sourceTree = "<group>"; };
		9AD8F9631A6E011E00F01014 /* AppDelegate.swift */ = {isa = PBXFileReference; fileEncoding = 4; lastKnownFileType = sourcecode.swift; name = AppDelegate.swift; path = Controller/AppDelegate.swift; sourceTree = "<group>"; };
		9AD8F96B1A6E03BC00F01014 /* HomeController.swift */ = {isa = PBXFileReference; fileEncoding = 4; lastKnownFileType = sourcecode.swift; name = HomeController.swift; path = Controller/HomeController.swift; sourceTree = "<group>"; };
		9AD8F96D1A6E03F600F01014 /* HomeView.swift */ = {isa = PBXFileReference; fileEncoding = 4; lastKnownFileType = sourcecode.swift; name = HomeView.swift; path = View/HomeView.swift; sourceTree = "<group>"; };
		9AD8F96F1A6E041D00F01014 /* ClockView.swift */ = {isa = PBXFileReference; fileEncoding = 4; lastKnownFileType = sourcecode.swift; name = ClockView.swift; path = View/ClockView.swift; sourceTree = "<group>"; };
		9AD8F9721A6E047900F01014 /* Goal.swift */ = {isa = PBXFileReference; fileEncoding = 4; lastKnownFileType = sourcecode.swift; path = Goal.swift; sourceTree = "<group>"; };
		9AD8F9741A6E049500F01014 /* NumberOfStepsGoal.swift */ = {isa = PBXFileReference; fileEncoding = 4; lastKnownFileType = sourcecode.swift; path = NumberOfStepsGoal.swift; sourceTree = "<group>"; };
		9AD8F9781A6E05F700F01014 /* NevoBT.swift */ = {isa = PBXFileReference; fileEncoding = 4; lastKnownFileType = sourcecode.swift; name = NevoBT.swift; path = Frameworks/NevoBT/NevoBT.swift; sourceTree = "<group>"; };
		9AD8F9821A6E2C8E00F01014 /* Request.swift */ = {isa = PBXFileReference; fileEncoding = 4; lastKnownFileType = sourcecode.swift; name = Request.swift; path = Frameworks/NevoBT/Request.swift; sourceTree = "<group>"; };
		9AD8F98C1A6E2D6E00F01014 /* RawPacket.swift */ = {isa = PBXFileReference; fileEncoding = 4; lastKnownFileType = sourcecode.swift; name = RawPacket.swift; path = Frameworks/NevoBT/RawPacket.swift; sourceTree = "<group>"; };
		9AD8F98E1A6E2EE000F01014 /* Profile.swift */ = {isa = PBXFileReference; fileEncoding = 4; lastKnownFileType = sourcecode.swift; name = Profile.swift; path = Frameworks/NevoBT/Profile.swift; sourceTree = "<group>"; };
		9AD8F99B1A6E3D6A00F01014 /* NevoRequest.swift */ = {isa = PBXFileReference; fileEncoding = 4; lastKnownFileType = sourcecode.swift; name = NevoRequest.swift; path = Controller/Connection/Request/NevoRequest.swift; sourceTree = "<group>"; };
		9AD8F99D1A6E3E0100F01014 /* SyncController.swift */ = {isa = PBXFileReference; fileEncoding = 4; lastKnownFileType = sourcecode.swift; name = SyncController.swift; path = Controller/SyncController.swift; sourceTree = "<group>"; };
		9AD8F99F1A6E47B400F01014 /* SetGoalRequest.swift */ = {isa = PBXFileReference; fileEncoding = 4; lastKnownFileType = sourcecode.swift; name = SetGoalRequest.swift; path = Controller/Connection/Request/SetGoalRequest.swift; sourceTree = "<group>"; };
/* End PBXFileReference section */

/* Begin PBXFrameworksBuildPhase section */
		9AD8F92F1A6DF35900F01014 /* Frameworks */ = {
			isa = PBXFrameworksBuildPhase;
			buildActionMask = 2147483647;
			files = (
			);
			runOnlyForDeploymentPostprocessing = 0;
		};
		9AD8F9471A6DF35900F01014 /* Frameworks */ = {
			isa = PBXFrameworksBuildPhase;
			buildActionMask = 2147483647;
			files = (
			);
			runOnlyForDeploymentPostprocessing = 0;
		};
/* End PBXFrameworksBuildPhase section */

/* Begin PBXGroup section */
		005BC95C1A88B79F006F9E86 /* FXBlurView */ = {
			isa = PBXGroup;
			children = (
				005BC95D1A88B79F006F9E86 /* FXBlurView.h */,
				005BC95E1A88B79F006F9E86 /* FXBlurView.m */,
			);
			name = FXBlurView;
			path = Frameworks/FXBlurView;
			sourceTree = "<group>";
		};
		007DD4B91A89DDA800CE7264 /* PageViewController */ = {
			isa = PBXGroup;
			children = (
				007DD4BA1A89DDC000CE7264 /* Page1Controller.swift */,
				007DD4BC1A89DF2A00CE7264 /* Page2Controller.swift */,
				00C30AD81A89E08600C9F67B /* Page3Controller.swift */,
			);
			name = PageViewController;
			path = Controller/PageViewController;
			sourceTree = "<group>";
		};
		007F79731A878D0B006C89E6 /* Resources */ = {
			isa = PBXGroup;
			children = (
				00A773901A88562F0018E121 /* Strings */,
				007F79741A878D0B006C89E6 /* Font */,
				007F79881A878D0B006C89E6 /* image */,
			);
			path = Resources;
			sourceTree = "<group>";
		};
		007F79741A878D0B006C89E6 /* Font */ = {
			isa = PBXGroup;
			children = (
				007F79751A878D0B006C89E6 /* Raleway-Black.ttf */,
				007F79761A878D0B006C89E6 /* Raleway-BlackItalic.ttf */,
				007F79771A878D0B006C89E6 /* Raleway-Bold.ttf */,
				007F79781A878D0B006C89E6 /* Raleway-BoldItalic.ttf */,
				007F79791A878D0B006C89E6 /* Raleway-ExtraBold.ttf */,
				007F797A1A878D0B006C89E6 /* Raleway-ExtraBoldItalic.ttf */,
				007F797B1A878D0B006C89E6 /* Raleway-ExtraLight.ttf */,
				007F797C1A878D0B006C89E6 /* Raleway-ExtraLightItalic.ttf */,
				007F797D1A878D0B006C89E6 /* Raleway-Italic.ttf */,
				007F797E1A878D0B006C89E6 /* Raleway-Light.ttf */,
				007F797F1A878D0B006C89E6 /* Raleway-LightItalic.ttf */,
				007F79801A878D0B006C89E6 /* Raleway-Medium.ttf */,
				007F79811A878D0B006C89E6 /* Raleway-MediumItalic.ttf */,
				007F79821A878D0B006C89E6 /* Raleway-Regular.ttf */,
				007F79831A878D0B006C89E6 /* Raleway-SemiBold.ttf */,
				007F79841A878D0B006C89E6 /* Raleway-SemiBoldItalic.ttf */,
				007F79851A878D0B006C89E6 /* Raleway-Thin.ttf */,
				007F79861A878D0B006C89E6 /* Raleway-ThinItalic.ttf */,
				007F79871A878D0B006C89E6 /* SIL Open Font License.txt */,
			);
			path = Font;
			sourceTree = "<group>";
		};
		007F79881A878D0B006C89E6 /* image */ = {
			isa = PBXGroup;
			children = (
				00E0E1431A88BBDE0001B8CA /* wallpaper0.png */,
				005BC9551A889F14006F9E86 /* NevoPicture.png */,
				005BC9531A888873006F9E86 /* nevologo.png */,
				00A7739A1A8860100018E121 /* 640-1136333.png */,
				007F79891A878D0B006C89E6 /* 640-1136.png */,
				007F798A1A878D0B006C89E6 /* nevo360.png */,
			);
			path = image;
			sourceTree = "<group>";
		};
		00A773901A88562F0018E121 /* Strings */ = {
			isa = PBXGroup;
			children = (
				00A773911A88562F0018E121 /* Localizable.strings */,
			);
			path = Strings;
			sourceTree = "<group>";
		};
		07BE0CEF1A84A2F8000C4AC7 /* IntelHex2BinConverter */ = {
			isa = PBXGroup;
			children = (
				07BE0CF01A84A2F8000C4AC7 /* IntelHex2BinConverter.h */,
				07BE0CF11A84A2F8000C4AC7 /* IntelHex2BinConverter.m */,
			);
			name = IntelHex2BinConverter;
			path = OTA/IntelHex2BinConverter;
			sourceTree = "<group>";
		};
		07CC4A231A81F26C008DA749 /* Firmwares */ = {
			isa = PBXGroup;
			children = (
				07CC4A241A81F26C008DA749 /* imaze_BLE_R2.hex */,
				07CC4A251A81F26C008DA749 /* iMaze_v3.bin */,
			);
			name = Firmwares;
			path = OTA/Firmwares;
			sourceTree = "<group>";
		};
		9A3E572D1A80F04600DFFAE1 /* OTA */ = {
			isa = PBXGroup;
			children = (
				07BE0CEF1A84A2F8000C4AC7 /* IntelHex2BinConverter */,
				07CC4A231A81F26C008DA749 /* Firmwares */,
				9A3E572E1A80F08400DFFAE1 /* NevoOTAControllerProfile.swift */,
				9A3E572F1A80F08400DFFAE1 /* NevoOTAModeProfile.swift */,
				9A3E57301A80F08400DFFAE1 /* NevoOTAPacketProfile.swift */,
				07CC4A281A820A9B008DA749 /* Utility.swift */,
				07CC4A2E1A821B46008DA749 /* NevoOTARequest.swift */,
			);
			name = OTA;
			path = Controller/Connection;
			sourceTree = "<group>";
		};
		9A9BD1BF1A88844900A95ACA /* TutorialPageView */ = {
			isa = PBXGroup;
			children = (
				00C30ADA1A89FC8200C9F67B /* ButtonCallBack.swift */,
				9A9BD1C01A88849700A95ACA /* TutorialPage1View.swift */,
				005350B71A8B0F2B00BF289D /* TutorialPage2View.swift */,
				9A9BD1C71A88C0A400A95ACA /* TutorialScanPageView.swift */,
			);
			name = TutorialPageView;
			sourceTree = "<group>";
		};
		9AD8F9291A6DF35800F01014 = {
			isa = PBXGroup;
			children = (
				007F79731A878D0B006C89E6 /* Resources */,
				9AD8F95A1A6DFE3400F01014 /* Frameworks */,
				9AD8F9341A6DF35900F01014 /* Nevo */,
				9AD8F94D1A6DF35900F01014 /* NevoTests */,
				9AD8F9331A6DF35900F01014 /* Products */,
			);
			sourceTree = "<group>";
		};
		9AD8F9331A6DF35900F01014 /* Products */ = {
			isa = PBXGroup;
			children = (
				9AD8F9321A6DF35900F01014 /* Nevo.app */,
				9AD8F94A1A6DF35900F01014 /* NevoTests.xctest */,
			);
			name = Products;
			sourceTree = "<group>";
		};
		9AD8F9341A6DF35900F01014 /* Nevo */ = {
			isa = PBXGroup;
			children = (
				9AD8F93E1A6DF35900F01014 /* Main.storyboard */,
				9AD8F9411A6DF35900F01014 /* Images.xcassets */,
				9AD8F9431A6DF35900F01014 /* LaunchScreen.xib */,
				9AD8F9391A6DF35900F01014 /* Nevo.xcdatamodeld */,
				9AD8F95F1A6E004000F01014 /* View */,
				9AD8F95E1A6E003B00F01014 /* Model */,
				9AD8F95D1A6E003100F01014 /* Controller */,
				9AD8F9351A6DF35900F01014 /* Supporting Files */,
			);
			path = Nevo;
			sourceTree = "<group>";
		};
		9AD8F9351A6DF35900F01014 /* Supporting Files */ = {
			isa = PBXGroup;
			children = (
				9AD8F9361A6DF35900F01014 /* Info.plist */,
			);
			name = "Supporting Files";
			sourceTree = "<group>";
		};
		9AD8F94D1A6DF35900F01014 /* NevoTests */ = {
			isa = PBXGroup;
			children = (
				9AD8F9501A6DF35900F01014 /* NevoTests.swift */,
				9AD8F94E1A6DF35900F01014 /* Supporting Files */,
			);
			path = NevoTests;
			sourceTree = "<group>";
		};
		9AD8F94E1A6DF35900F01014 /* Supporting Files */ = {
			isa = PBXGroup;
			children = (
				9AD8F94F1A6DF35900F01014 /* Info.plist */,
			);
			name = "Supporting Files";
			sourceTree = "<group>";
		};
		9AD8F95A1A6DFE3400F01014 /* Frameworks */ = {
			isa = PBXGroup;
			children = (
				005BC95C1A88B79F006F9E86 /* FXBlurView */,
				9AD8F9601A6E00C000F01014 /* NevoBT */,
			);
			name = Frameworks;
			sourceTree = "<group>";
		};
		9AD8F95D1A6E003100F01014 /* Controller */ = {
			isa = PBXGroup;
			children = (
				9AD8F9921A6E3D3D00F01014 /* Connection */,
				007DD4B91A89DDA800CE7264 /* PageViewController */,
				07BE0CEE1A84A0C8000C4AC7 /* Nevo-Bridging-Header.h */,
				007F79701A878C8B006C89E6 /* TutorialController.swift */,
				9AD8F9631A6E011E00F01014 /* AppDelegate.swift */,
				9AD8F96B1A6E03BC00F01014 /* HomeController.swift */,
				9AD8F99D1A6E3E0100F01014 /* SyncController.swift */,
				005350B91A8B4BC600BF289D /* StepGoalSetingController.swift */,
				07C18C091A80DF4900D0BF4A /* NevoOtaController.swift */,
				07C18C0D1A81AB3900D0BF4A /* NevoOtaViewController.swift */,
			);
			name = Controller;
			sourceTree = "<group>";
		};
		9AD8F95E1A6E003B00F01014 /* Model */ = {
			isa = PBXGroup;
			children = (
				9AD8F9711A6E046400F01014 /* Goal */,
			);
			name = Model;
			sourceTree = "<group>";
		};
		9AD8F95F1A6E004000F01014 /* View */ = {
			isa = PBXGroup;
			children = (
				9A9BD1BF1A88844900A95ACA /* TutorialPageView */,
				007F796C1A878C6C006C89E6 /* TutorialView.swift */,
				9AD8F96D1A6E03F600F01014 /* HomeView.swift */,
				9AD8F96F1A6E041D00F01014 /* ClockView.swift */,
				005350BB1A8B4C1200BF289D /* StepGoalSetingView.swift */,
			);
			name = View;
			sourceTree = "<group>";
		};
		9AD8F9601A6E00C000F01014 /* NevoBT */ = {
			isa = PBXGroup;
			children = (
				9AD8F9821A6E2C8E00F01014 /* Request.swift */,
				9AD8F9611A6E00E800F01014 /* NevoBTimpl.swift */,
				9AD8F9781A6E05F700F01014 /* NevoBT.swift */,
				9AD8F98C1A6E2D6E00F01014 /* RawPacket.swift */,
				9AD8F98E1A6E2EE000F01014 /* Profile.swift */,
			);
			name = NevoBT;
			sourceTree = "<group>";
		};
		9AD8F9711A6E046400F01014 /* Goal */ = {
			isa = PBXGroup;
			children = (
				9AD8F9721A6E047900F01014 /* Goal.swift */,
				9AD8F9741A6E049500F01014 /* NumberOfStepsGoal.swift */,
			);
			name = Goal;
			path = Model/Goal;
			sourceTree = "<group>";
		};
		9AD8F9921A6E3D3D00F01014 /* Connection */ = {
			isa = PBXGroup;
			children = (
				9A3E571B1A80E56E00DFFAE1 /* ConnectionController.swift */,
				9A3E571C1A80E56E00DFFAE1 /* ConnectionControllerImpl.swift */,
				9A3E571D1A80E56E00DFFAE1 /* NevoProfile.swift */,
				9A3E572D1A80F04600DFFAE1 /* OTA */,
				9AD8F9981A6E3D5500F01014 /* Request */,
				9AD8F9971A6E3D4E00F01014 /* Packet */,
			);
			name = Connection;
			sourceTree = "<group>";
		};
		9AD8F9971A6E3D4E00F01014 /* Packet */ = {
			isa = PBXGroup;
			children = (
				9A3E571F1A80E56E00DFFAE1 /* NevoPacket.swift */,
			);
			name = Packet;
			sourceTree = "<group>";
		};
		9AD8F9981A6E3D5500F01014 /* Request */ = {
			isa = PBXGroup;
			children = (
				9AD8F99B1A6E3D6A00F01014 /* NevoRequest.swift */,
				9AD8F99F1A6E47B400F01014 /* SetGoalRequest.swift */,
			);
			name = Request;
			sourceTree = "<group>";
		};
/* End PBXGroup section */

/* Begin PBXNativeTarget section */
		9AD8F9311A6DF35900F01014 /* Nevo */ = {
			isa = PBXNativeTarget;
			buildConfigurationList = 9AD8F9541A6DF35900F01014 /* Build configuration list for PBXNativeTarget "Nevo" */;
			buildPhases = (
				9AD8F92E1A6DF35900F01014 /* Sources */,
				9AD8F92F1A6DF35900F01014 /* Frameworks */,
				9AD8F9301A6DF35900F01014 /* Resources */,
			);
			buildRules = (
			);
			dependencies = (
			);
			name = Nevo;
			productName = Nevo;
			productReference = 9AD8F9321A6DF35900F01014 /* Nevo.app */;
			productType = "com.apple.product-type.application";
		};
		9AD8F9491A6DF35900F01014 /* NevoTests */ = {
			isa = PBXNativeTarget;
			buildConfigurationList = 9AD8F9571A6DF35900F01014 /* Build configuration list for PBXNativeTarget "NevoTests" */;
			buildPhases = (
				9AD8F9461A6DF35900F01014 /* Sources */,
				9AD8F9471A6DF35900F01014 /* Frameworks */,
				9AD8F9481A6DF35900F01014 /* Resources */,
			);
			buildRules = (
			);
			dependencies = (
				9AD8F94C1A6DF35900F01014 /* PBXTargetDependency */,
			);
			name = NevoTests;
			productName = NevoTests;
			productReference = 9AD8F94A1A6DF35900F01014 /* NevoTests.xctest */;
			productType = "com.apple.product-type.bundle.unit-test";
		};
/* End PBXNativeTarget section */

/* Begin PBXProject section */
		9AD8F92A1A6DF35800F01014 /* Project object */ = {
			isa = PBXProject;
			attributes = {
				LastUpgradeCheck = 0610;
				ORGANIZATIONNAME = Nevo;
				TargetAttributes = {
					9AD8F9311A6DF35900F01014 = {
						CreatedOnToolsVersion = 6.1.1;
					};
					9AD8F9491A6DF35900F01014 = {
						CreatedOnToolsVersion = 6.1.1;
						TestTargetID = 9AD8F9311A6DF35900F01014;
					};
				};
			};
			buildConfigurationList = 9AD8F92D1A6DF35800F01014 /* Build configuration list for PBXProject "Nevo" */;
			compatibilityVersion = "Xcode 3.2";
			developmentRegion = English;
			hasScannedForEncodings = 0;
			knownRegions = (
				en,
				Base,
				de,
				fr,
				"zh-Hans",
				"zh-Hant",
			);
			mainGroup = 9AD8F9291A6DF35800F01014;
			productRefGroup = 9AD8F9331A6DF35900F01014 /* Products */;
			projectDirPath = "";
			projectRoot = "";
			targets = (
				9AD8F9311A6DF35900F01014 /* Nevo */,
				9AD8F9491A6DF35900F01014 /* NevoTests */,
			);
		};
/* End PBXProject section */

/* Begin PBXResourcesBuildPhase section */
		9AD8F9301A6DF35900F01014 /* Resources */ = {
			isa = PBXResourcesBuildPhase;
			buildActionMask = 2147483647;
			files = (
				007F799E1A878D0B006C89E6 /* 640-1136.png in Resources */,
				9AD8F9401A6DF35900F01014 /* Main.storyboard in Resources */,
				007F79921A878D0B006C89E6 /* Raleway-ExtraLightItalic.ttf in Resources */,
				005BC9541A888873006F9E86 /* nevologo.png in Resources */,
				007F79901A878D0B006C89E6 /* Raleway-ExtraBoldItalic.ttf in Resources */,
				00A773961A88562F0018E121 /* Localizable.strings in Resources */,
				007F799D1A878D0B006C89E6 /* SIL Open Font License.txt in Resources */,
				007F79971A878D0B006C89E6 /* Raleway-MediumItalic.ttf in Resources */,
				007F79981A878D0B006C89E6 /* Raleway-Regular.ttf in Resources */,
				007F799F1A878D0B006C89E6 /* nevo360.png in Resources */,
				007F79951A878D0B006C89E6 /* Raleway-LightItalic.ttf in Resources */,
				07CC4A271A81F26C008DA749 /* iMaze_v3.bin in Resources */,
				007F798C1A878D0B006C89E6 /* Raleway-BlackItalic.ttf in Resources */,
				007F798B1A878D0B006C89E6 /* Raleway-Black.ttf in Resources */,
				007F79991A878D0B006C89E6 /* Raleway-SemiBold.ttf in Resources */,
				007F79941A878D0B006C89E6 /* Raleway-Light.ttf in Resources */,
				005BC9561A889F14006F9E86 /* NevoPicture.png in Resources */,
				007F79961A878D0B006C89E6 /* Raleway-Medium.ttf in Resources */,
				007F799A1A878D0B006C89E6 /* Raleway-SemiBoldItalic.ttf in Resources */,
				9AD8F9451A6DF35900F01014 /* LaunchScreen.xib in Resources */,
				07CC4A261A81F26C008DA749 /* imaze_BLE_R2.hex in Resources */,
				007F799C1A878D0B006C89E6 /* Raleway-ThinItalic.ttf in Resources */,
				007F79931A878D0B006C89E6 /* Raleway-Italic.ttf in Resources */,
				00A7739B1A8860100018E121 /* 640-1136333.png in Resources */,
				007F798F1A878D0B006C89E6 /* Raleway-ExtraBold.ttf in Resources */,
				007F79911A878D0B006C89E6 /* Raleway-ExtraLight.ttf in Resources */,
				007F798E1A878D0B006C89E6 /* Raleway-BoldItalic.ttf in Resources */,
				9AD8F9421A6DF35900F01014 /* Images.xcassets in Resources */,
				007F798D1A878D0B006C89E6 /* Raleway-Bold.ttf in Resources */,
				007F799B1A878D0B006C89E6 /* Raleway-Thin.ttf in Resources */,
				00E0E1441A88BBDE0001B8CA /* wallpaper0.png in Resources */,
			);
			runOnlyForDeploymentPostprocessing = 0;
		};
		9AD8F9481A6DF35900F01014 /* Resources */ = {
			isa = PBXResourcesBuildPhase;
			buildActionMask = 2147483647;
			files = (
			);
			runOnlyForDeploymentPostprocessing = 0;
		};
/* End PBXResourcesBuildPhase section */

/* Begin PBXSourcesBuildPhase section */
		9AD8F92E1A6DF35900F01014 /* Sources */ = {
			isa = PBXSourcesBuildPhase;
			buildActionMask = 2147483647;
			files = (
				00C30ADB1A89FC8200C9F67B /* ButtonCallBack.swift in Sources */,
				9AD8F9841A6E2C8E00F01014 /* Request.swift in Sources */,
				9AD8F9731A6E047900F01014 /* Goal.swift in Sources */,
				9AD8F9651A6E011E00F01014 /* AppDelegate.swift in Sources */,
				005350B81A8B0F2B00BF289D /* TutorialPage2View.swift in Sources */,
				9A3E57321A80F08400DFFAE1 /* NevoOTAModeProfile.swift in Sources */,
				9A9BD1C11A88849700A95ACA /* TutorialPage1View.swift in Sources */,
				007F796E1A878C6C006C89E6 /* TutorialView.swift in Sources */,
				005350BA1A8B4BC600BF289D /* StepGoalSetingController.swift in Sources */,
				9A9BD1C81A88C0A400A95ACA /* TutorialScanPageView.swift in Sources */,
				9AD8F98D1A6E2D6E00F01014 /* RawPacket.swift in Sources */,
				9AD8F9621A6E00E800F01014 /* NevoBTimpl.swift in Sources */,
				07CC4A2F1A821B46008DA749 /* NevoOTARequest.swift in Sources */,
				9AD8F9791A6E05F700F01014 /* NevoBT.swift in Sources */,
				007F79721A878C8B006C89E6 /* TutorialController.swift in Sources */,
				00C30AD91A89E08600C9F67B /* Page3Controller.swift in Sources */,
				9AD8F9751A6E049500F01014 /* NumberOfStepsGoal.swift in Sources */,
				9AD8F99E1A6E3E0100F01014 /* SyncController.swift in Sources */,
				07BE0CF21A84A2F8000C4AC7 /* IntelHex2BinConverter.m in Sources */,
				9AD8F96E1A6E03F600F01014 /* HomeView.swift in Sources */,
				005BC95F1A88B79F006F9E86 /* FXBlurView.m in Sources */,
				9AD8F9A01A6E47B400F01014 /* SetGoalRequest.swift in Sources */,
				9A3E57261A80E56E00DFFAE1 /* NevoPacket.swift in Sources */,
				9AD8F98F1A6E2EE000F01014 /* Profile.swift in Sources */,
				9AD8F9701A6E041D00F01014 /* ClockView.swift in Sources */,
				9A3E57311A80F08400DFFAE1 /* NevoOTAControllerProfile.swift in Sources */,
				9AD8F99C1A6E3D6A00F01014 /* NevoRequest.swift in Sources */,
				9A3E57251A80E56E00DFFAE1 /* NevoProfile.swift in Sources */,
				005350BC1A8B4C1200BF289D /* StepGoalSetingView.swift in Sources */,
				007DD4BB1A89DDC000CE7264 /* Page1Controller.swift in Sources */,
				9A3E57231A80E56E00DFFAE1 /* ConnectionController.swift in Sources */,
				9AD8F93B1A6DF35900F01014 /* Nevo.xcdatamodeld in Sources */,
				07CC4A291A820A9B008DA749 /* Utility.swift in Sources */,
				007DD4BD1A89DF2A00CE7264 /* Page2Controller.swift in Sources */,
				07C18C0A1A80DF4900D0BF4A /* NevoOtaController.swift in Sources */,
				9A3E57331A80F08400DFFAE1 /* NevoOTAPacketProfile.swift in Sources */,
				9A3E57241A80E56E00DFFAE1 /* ConnectionControllerImpl.swift in Sources */,
				9AD8F96C1A6E03BC00F01014 /* HomeController.swift in Sources */,
				07C18C0E1A81AB3900D0BF4A /* NevoOtaViewController.swift in Sources */,
			);
			runOnlyForDeploymentPostprocessing = 0;
		};
		9AD8F9461A6DF35900F01014 /* Sources */ = {
			isa = PBXSourcesBuildPhase;
			buildActionMask = 2147483647;
			files = (
				9AD8F9511A6DF35900F01014 /* NevoTests.swift in Sources */,
			);
			runOnlyForDeploymentPostprocessing = 0;
		};
/* End PBXSourcesBuildPhase section */

/* Begin PBXTargetDependency section */
		9AD8F94C1A6DF35900F01014 /* PBXTargetDependency */ = {
			isa = PBXTargetDependency;
			target = 9AD8F9311A6DF35900F01014 /* Nevo */;
			targetProxy = 9AD8F94B1A6DF35900F01014 /* PBXContainerItemProxy */;
		};
/* End PBXTargetDependency section */

/* Begin PBXVariantGroup section */
		00A773911A88562F0018E121 /* Localizable.strings */ = {
			isa = PBXVariantGroup;
			children = (
				00A773921A88562F0018E121 /* en */,
				00A773931A88562F0018E121 /* fr */,
				00A773941A88562F0018E121 /* zh-Hans */,
				00A773951A88562F0018E121 /* zh-Hant */,
				00A773971A885A880018E121 /* de */,
			);
			name = Localizable.strings;
			sourceTree = "<group>";
		};
		9AD8F93E1A6DF35900F01014 /* Main.storyboard */ = {
			isa = PBXVariantGroup;
			children = (
				9AD8F93F1A6DF35900F01014 /* Base */,
				00A773841A8854580018E121 /* fr */,
				00A773851A88546F0018E121 /* de */,
				00A773861A8854750018E121 /* zh-Hans */,
				00A773871A88547C0018E121 /* zh-Hant */,
			);
			name = Main.storyboard;
			sourceTree = "<group>";
		};
		9AD8F9431A6DF35900F01014 /* LaunchScreen.xib */ = {
			isa = PBXVariantGroup;
			children = (
				9AD8F9441A6DF35900F01014 /* Base */,
			);
			name = LaunchScreen.xib;
			sourceTree = "<group>";
		};
/* End PBXVariantGroup section */

/* Begin XCBuildConfiguration section */
		9AD8F9521A6DF35900F01014 /* Debug */ = {
			isa = XCBuildConfiguration;
			buildSettings = {
				ALWAYS_SEARCH_USER_PATHS = NO;
				CLANG_CXX_LANGUAGE_STANDARD = "gnu++0x";
				CLANG_CXX_LIBRARY = "libc++";
				CLANG_ENABLE_MODULES = YES;
				CLANG_ENABLE_OBJC_ARC = YES;
				CLANG_WARN_BOOL_CONVERSION = YES;
				CLANG_WARN_CONSTANT_CONVERSION = YES;
				CLANG_WARN_DIRECT_OBJC_ISA_USAGE = YES_ERROR;
				CLANG_WARN_EMPTY_BODY = YES;
				CLANG_WARN_ENUM_CONVERSION = YES;
				CLANG_WARN_INT_CONVERSION = YES;
				CLANG_WARN_OBJC_ROOT_CLASS = YES_ERROR;
				CLANG_WARN_UNREACHABLE_CODE = YES;
				CLANG_WARN__DUPLICATE_METHOD_MATCH = YES;
				"CODE_SIGN_IDENTITY[sdk=iphoneos*]" = "iPhone Developer";
				COPY_PHASE_STRIP = NO;
				ENABLE_STRICT_OBJC_MSGSEND = YES;
				GCC_C_LANGUAGE_STANDARD = gnu99;
				GCC_DYNAMIC_NO_PIC = NO;
				GCC_OPTIMIZATION_LEVEL = 0;
				GCC_PREPROCESSOR_DEFINITIONS = (
					"DEBUG=1",
					"$(inherited)",
				);
				GCC_SYMBOLS_PRIVATE_EXTERN = NO;
				GCC_WARN_64_TO_32_BIT_CONVERSION = YES;
				GCC_WARN_ABOUT_RETURN_TYPE = YES_ERROR;
				GCC_WARN_UNDECLARED_SELECTOR = YES;
				GCC_WARN_UNINITIALIZED_AUTOS = YES_AGGRESSIVE;
				GCC_WARN_UNUSED_FUNCTION = YES;
				GCC_WARN_UNUSED_VARIABLE = YES;
				IPHONEOS_DEPLOYMENT_TARGET = 8.1;
				MTL_ENABLE_DEBUG_INFO = YES;
				ONLY_ACTIVE_ARCH = YES;
				SDKROOT = iphoneos;
				SWIFT_OPTIMIZATION_LEVEL = "-Onone";
			};
			name = Debug;
		};
		9AD8F9531A6DF35900F01014 /* Release */ = {
			isa = XCBuildConfiguration;
			buildSettings = {
				ALWAYS_SEARCH_USER_PATHS = NO;
				CLANG_CXX_LANGUAGE_STANDARD = "gnu++0x";
				CLANG_CXX_LIBRARY = "libc++";
				CLANG_ENABLE_MODULES = YES;
				CLANG_ENABLE_OBJC_ARC = YES;
				CLANG_WARN_BOOL_CONVERSION = YES;
				CLANG_WARN_CONSTANT_CONVERSION = YES;
				CLANG_WARN_DIRECT_OBJC_ISA_USAGE = YES_ERROR;
				CLANG_WARN_EMPTY_BODY = YES;
				CLANG_WARN_ENUM_CONVERSION = YES;
				CLANG_WARN_INT_CONVERSION = YES;
				CLANG_WARN_OBJC_ROOT_CLASS = YES_ERROR;
				CLANG_WARN_UNREACHABLE_CODE = YES;
				CLANG_WARN__DUPLICATE_METHOD_MATCH = YES;
				"CODE_SIGN_IDENTITY[sdk=iphoneos*]" = "iPhone Developer";
				COPY_PHASE_STRIP = YES;
				ENABLE_NS_ASSERTIONS = NO;
				ENABLE_STRICT_OBJC_MSGSEND = YES;
				GCC_C_LANGUAGE_STANDARD = gnu99;
				GCC_WARN_64_TO_32_BIT_CONVERSION = YES;
				GCC_WARN_ABOUT_RETURN_TYPE = YES_ERROR;
				GCC_WARN_UNDECLARED_SELECTOR = YES;
				GCC_WARN_UNINITIALIZED_AUTOS = YES_AGGRESSIVE;
				GCC_WARN_UNUSED_FUNCTION = YES;
				GCC_WARN_UNUSED_VARIABLE = YES;
				IPHONEOS_DEPLOYMENT_TARGET = 8.1;
				MTL_ENABLE_DEBUG_INFO = NO;
				SDKROOT = iphoneos;
				VALIDATE_PRODUCT = YES;
			};
			name = Release;
		};
		9AD8F9551A6DF35900F01014 /* Debug */ = {
			isa = XCBuildConfiguration;
			buildSettings = {
				ASSETCATALOG_COMPILER_APPICON_NAME = AppIcon;
				INFOPLIST_FILE = Nevo/Info.plist;
				LD_RUNPATH_SEARCH_PATHS = "$(inherited) @executable_path/Frameworks";
				PRODUCT_NAME = "$(TARGET_NAME)";
				SWIFT_OBJC_BRIDGING_HEADER = "Nevo/Nevo-Bridging-Header.h";
			};
			name = Debug;
		};
		9AD8F9561A6DF35900F01014 /* Release */ = {
			isa = XCBuildConfiguration;
			buildSettings = {
				ASSETCATALOG_COMPILER_APPICON_NAME = AppIcon;
				INFOPLIST_FILE = Nevo/Info.plist;
				LD_RUNPATH_SEARCH_PATHS = "$(inherited) @executable_path/Frameworks";
				PRODUCT_NAME = "$(TARGET_NAME)";
				SWIFT_OBJC_BRIDGING_HEADER = "Nevo/Nevo-Bridging-Header.h";
			};
			name = Release;
		};
		9AD8F9581A6DF35900F01014 /* Debug */ = {
			isa = XCBuildConfiguration;
			buildSettings = {
				BUNDLE_LOADER = "$(TEST_HOST)";
				FRAMEWORK_SEARCH_PATHS = (
					"$(SDKROOT)/Developer/Library/Frameworks",
					"$(inherited)",
				);
				GCC_PREPROCESSOR_DEFINITIONS = (
					"DEBUG=1",
					"$(inherited)",
				);
				INFOPLIST_FILE = NevoTests/Info.plist;
				LD_RUNPATH_SEARCH_PATHS = "$(inherited) @executable_path/Frameworks @loader_path/Frameworks";
				PRODUCT_NAME = "$(TARGET_NAME)";
				TEST_HOST = "$(BUILT_PRODUCTS_DIR)/Nevo.app/Nevo";
			};
			name = Debug;
		};
		9AD8F9591A6DF35900F01014 /* Release */ = {
			isa = XCBuildConfiguration;
			buildSettings = {
				BUNDLE_LOADER = "$(TEST_HOST)";
				FRAMEWORK_SEARCH_PATHS = (
					"$(SDKROOT)/Developer/Library/Frameworks",
					"$(inherited)",
				);
				INFOPLIST_FILE = NevoTests/Info.plist;
				LD_RUNPATH_SEARCH_PATHS = "$(inherited) @executable_path/Frameworks @loader_path/Frameworks";
				PRODUCT_NAME = "$(TARGET_NAME)";
				TEST_HOST = "$(BUILT_PRODUCTS_DIR)/Nevo.app/Nevo";
			};
			name = Release;
		};
/* End XCBuildConfiguration section */

/* Begin XCConfigurationList section */
		9AD8F92D1A6DF35800F01014 /* Build configuration list for PBXProject "Nevo" */ = {
			isa = XCConfigurationList;
			buildConfigurations = (
				9AD8F9521A6DF35900F01014 /* Debug */,
				9AD8F9531A6DF35900F01014 /* Release */,
			);
			defaultConfigurationIsVisible = 0;
			defaultConfigurationName = Release;
		};
		9AD8F9541A6DF35900F01014 /* Build configuration list for PBXNativeTarget "Nevo" */ = {
			isa = XCConfigurationList;
			buildConfigurations = (
				9AD8F9551A6DF35900F01014 /* Debug */,
				9AD8F9561A6DF35900F01014 /* Release */,
			);
			defaultConfigurationIsVisible = 0;
			defaultConfigurationName = Release;
		};
		9AD8F9571A6DF35900F01014 /* Build configuration list for PBXNativeTarget "NevoTests" */ = {
			isa = XCConfigurationList;
			buildConfigurations = (
				9AD8F9581A6DF35900F01014 /* Debug */,
				9AD8F9591A6DF35900F01014 /* Release */,
			);
			defaultConfigurationIsVisible = 0;
			defaultConfigurationName = Release;
		};
/* End XCConfigurationList section */

/* Begin XCVersionGroup section */
		9AD8F9391A6DF35900F01014 /* Nevo.xcdatamodeld */ = {
			isa = XCVersionGroup;
			children = (
				9AD8F93A1A6DF35900F01014 /* Nevo.xcdatamodel */,
			);
			currentVersion = 9AD8F93A1A6DF35900F01014 /* Nevo.xcdatamodel */;
			path = Nevo.xcdatamodeld;
			sourceTree = "<group>";
			versionGroupType = wrapper.xcdatamodel;
		};
/* End XCVersionGroup section */
	};
	rootObject = 9AD8F92A1A6DF35800F01014 /* Project object */;
}
